{"version":4,"terraform_version":"1.11.5","serial":14,"lineage":"7a09321c-4bc2-784a-2f5c-7a3529e806a7","outputs":{"instance_ip":{"value":"162.19.0.145","type":"string"}},"resources":[{"mode":"managed","type":"openstack_compute_instance_v2","name":"vm","provider":"provider[\"registry.opentofu.org/terraform-provider-openstack/openstack\"]","instances":[{"schema_version":0,"attributes":{"access_ip_v4":"162.19.0.145","access_ip_v6":"[2001:41d0:404:100::bc4]","admin_pass":null,"all_metadata":{},"all_tags":[],"availability_zone":"nova","availability_zone_hints":null,"block_device":[],"config_drive":null,"created":"2026-02-25 16:20:39 +0000 UTC","flavor_id":"dc3fe9e7-e374-4ad8-b200-fa3bdf45069f","flavor_name":"d2-2","floating_ip":null,"force_delete":false,"id":"9ea5efb7-4580-407b-9845-332195b8b3da","image_id":"6b42659c-0e38-4f1a-9ba7-6367689960a3","image_name":"Ubuntu 24.04","key_pair":"tp_key","metadata":null,"name":"VMIsmael","network":[{"access_network":false,"fixed_ip_v4":"162.19.0.145","fixed_ip_v6":"[2001:41d0:404:100::bc4]","floating_ip":"","mac":"fa:16:3e:ca:a2:9a","name":"Ext-Net","port":"","uuid":"581fad02-158d-4dc6-81f0-c1ec2794bbec"}],"network_mode":null,"personality":[],"power_state":"active","region":"SBG5","scheduler_hints":[],"security_groups":["default"],"stop_before_destroy":false,"tags":null,"timeouts":null,"updated":"2026-02-25 16:22:15 +0000 UTC","user_data":null,"vendor_options":[],"volume":[]},"sensitive_attributes":[[{"type":"get_attr","value":"admin_pass"}]],"private":"eyJlMmJmYjczMC1lY2FhLTExZTYtOGY4OC0zNDM2M2JjN2M0YzAiOnsiY3JlYXRlIjoxODAwMDAwMDAwMDAwLCJkZWxldGUiOjE4MDAwMDAwMDAwMDAsInVwZGF0ZSI6MTgwMDAwMDAwMDAwMH19","dependencies":["openstack_compute_keypair_v2.tp_key"]}]},{"mode":"managed","type":"openstack_compute_keypair_v2","name":"tp_key","provider":"provider[\"registry.opentofu.org/terraform-provider-openstack/openstack\"]","instances":[{"schema_version":0,"attributes":{"fingerprint":"a0:78:23:e5:03:27:02:b0:9e:9d:15:01:b4:f1:e1:a0","id":"tp_key","name":"tp_key","private_key":"","public_key":"ssh-rsa AAAAB3NzaC1yc2EAAAADAQABAAACAQC/gYqhFngLYbWBOAe42wKbefgLs5/bj0RFJVxS7UhLyZkeEEMmKCcpw8nEuJQiItotFB0F8TDgsTHC6lV7UgcSSwf8OwtAdD6sY0i7TcgO+p7MHa66natdKUm8s6/s/WavJuyLizjZKN5Yhag8kk+bicZK8XjPwxVXKPulDsdVhVkm6+70zLZmzfyQGnNMD8GV8Cxh8utci0YG0svBOga3/CvODdIg0Zqi9/InuyXlShbRYIf6aEBj6Pn2WG7HWf/WeNVG0kU58XrDRBlTm0mdgT+d7RE++e6M9ZBC9rjwYCq89fEEM4f5Kc8JSfxwE1jjy1gGTjuxiBGLxfmuAJmqZLorXA4RcUwlK5pL2hYEUDLjwEsZ+yx/gV1eswPq92R4aDjm/EnN0OEZCuHVZ8rXcqwlSJQYT4ewGxFKZT1RfyTRoOGvwuUTwPlHUgPQTbuw/DKlEXNZqr0AHOtDcDZ+cJZ0r8IV/yUpZEeVYzdcJt4TL6c5vs9c7wt4BYwoMBlcp5LECe+pExn2gzKsPoyQRPX5JdVq8zCYBKCeNXfPKkgPa/8Oex4rr8Rh7gYBMQrvr/oeGwviawa9tOkgUO7foT2JENcBuuZ1xuFHjP2waNpjHVVa/+uyix/M/KFRdP+HrYDz2pF5WcSjHZO/dmnd4LOnPCQZLOR+iwkrYimEaQ== tamso@DESKTOP-32LH6VB\r\n","region":"SBG5","user_id":"","value_specs":null},"sensitive_attributes":[[{"type":"get_attr","value":"private_key"}]],"private":"bnVsbA=="}]}],"check_results":null}
